
Microsoft Visual Studio Solution File, Format Version 12.00
# Visual Studio Version 17
VisualStudioVersion = 17.3.32611.2
MinimumVisualStudioVersion = 10.0.40219.1
Project("{FAE04EC0-301F-11D3-BF4B-00C04F79EFBC}") = "MauiControls", "MauiControls.csproj", "{7B18D8BE-1A92-4588-874A-4D80A29651A0}"
EndProject
Global
	GlobalSection(SolutionConfigurationPlatforms) = preSolution
		Debug|Any CPU = Debug|Any CPU
		Release|Any CPU = Release|Any CPU
	EndGlobalSection
	GlobalSection(ProjectConfigurationPlatforms) = postSolution
		{7B18D8BE-1A92-4588-874A-4D80A29651A0}.Debug|Any CPU.ActiveCfg = Debug|Any CPU
		{7B18D8BE-1A92-4588-874A-4D80A29651A0}.Debug|Any CPU.Build.0 = Debug|Any CPU
		{7B18D8BE-1A92-4588-874A-4D80A29651A0}.Release|Any CPU.ActiveCfg = Release|Any CPU
		{7B18D8BE-1A92-4588-874A-4D80A29651A0}.Release|Any CPU.Build.0 = Release|Any CPU
	EndGlobalSection
	GlobalSection(SolutionProperties) = preSolution
		HideSolutionNode = FALSE
	EndGlobalSection
	GlobalSection(ExtensibilityGlobals) = postSolution
		SolutionGuid = {3854072B-A96B-4BEE-B814-9946CE7BC447}
	EndGlobalSection
EndGlobal
